
Microsoft Visual Studio Solution File, Format Version 12.00
# Visual Studio Version 16
VisualStudioVersion = 16.0.29001.49
MinimumVisualStudioVersion = 10.0.40219.1
Project("{FAE04EC0-301F-11D3-BF4B-00C04F79EFBC}") = "ProductManagement", "ProductManagement\ProductManagement.csproj", "{70D8DD04-1D24-4623-BF0C-CB83810451D3}"
EndProject
Project("{FAE04EC0-301F-11D3-BF4B-00C04F79EFBC}") = "ProductManagement.Tests", "ProductManagement.Tests\ProductManagement.Tests.csproj", "{D0DDB085-F83F-41F5-970A-6F724299D296}"
EndProject
Global
	GlobalSection(SolutionConfigurationPlatforms) = preSolution
		Debug|Any CPU = Debug|Any CPU
		Release|Any CPU = Release|Any CPU
	EndGlobalSection
	GlobalSection(ProjectConfigurationPlatforms) = postSolution
		{70D8DD04-1D24-4623-BF0C-CB83810451D3}.Debug|Any CPU.ActiveCfg = Debug|Any CPU
		{70D8DD04-1D24-4623-BF0C-CB83810451D3}.Debug|Any CPU.Build.0 = Debug|Any CPU
		{70D8DD04-1D24-4623-BF0C-CB83810451D3}.Release|Any CPU.ActiveCfg = Release|Any CPU
		{70D8DD04-1D24-4623-BF0C-CB83810451D3}.Release|Any CPU.Build.0 = Release|Any CPU
		{D0DDB085-F83F-41F5-970A-6F724299D296}.Debug|Any CPU.ActiveCfg = Debug|Any CPU
		{D0DDB085-F83F-41F5-970A-6F724299D296}.Debug|Any CPU.Build.0 = Debug|Any CPU
		{D0DDB085-F83F-41F5-970A-6F724299D296}.Release|Any CPU.ActiveCfg = Release|Any CPU
		{D0DDB085-F83F-41F5-970A-6F724299D296}.Release|Any CPU.Build.0 = Release|Any CPU
	EndGlobalSection
	GlobalSection(SolutionProperties) = preSolution
		HideSolutionNode = FALSE
	EndGlobalSection
	GlobalSection(ExtensibilityGlobals) = postSolution
		SolutionGuid = {E1D156ED-64AE-45B1-BADD-B2773D947E0E}
	EndGlobalSection
EndGlobal
